Microsoft Visual Studio Solution File, Format Version 12.00
# Visual Studio Version 17
VisualStudioVersion = 17.5.2.0
MinimumVisualStudioVersion = 10.0.40219.1
Project("{FAE04EC0-301F-11D3-BF4B-00C04F79EFBC}") = "tempodedownload", "tempodedownload.csproj", "{57B26174-2933-7E5E-0FC3-4E34F2F7F31A}"
EndProject
Global
	GlobalSection(SolutionConfigurationPlatforms) = preSolution
		Debug|Any CPU = Debug|Any CPU
		Release|Any CPU = Release|Any CPU
	EndGlobalSection
	GlobalSection(ProjectConfigurationPlatforms) = postSolution
		{57B26174-2933-7E5E-0FC3-4E34F2F7F31A}.Debug|Any CPU.ActiveCfg = Debug|Any CPU
		{57B26174-2933-7E5E-0FC3-4E34F2F7F31A}.Debug|Any CPU.Build.0 = Debug|Any CPU
		{57B26174-2933-7E5E-0FC3-4E34F2F7F31A}.Release|Any CPU.ActiveCfg = Release|Any CPU
		{57B26174-2933-7E5E-0FC3-4E34F2F7F31A}.Release|Any CPU.Build.0 = Release|Any CPU
	EndGlobalSection
	GlobalSection(SolutionProperties) = preSolution
		HideSolutionNode = FALSE
	EndGlobalSection
	GlobalSection(ExtensibilityGlobals) = postSolution
		SolutionGuid = {2EA023AE-9D03-4028-AA20-BF75339087C9}
	EndGlobalSection
EndGlobal
